// !$*UTF8*$!
{
	archiveVersion = 1;
	classes = {
	};
	objectVersion = 77;
	objects = {

/* Begin PBXBuildFile section */
		AD405F922DDE5D8900F2D411 /* .env in Resources */ = {isa = PBXBuildFile; fileRef = AD405F912DDE5D8900F2D411 /* .env */; };
/* End PBXBuildFile section */

/* Begin PBXContainerItemProxy section */
		ADF563382DAD9270001CFC96 /* PBXContainerItemProxy */ = {
			isa = PBXContainerItemProxy;
			containerPortal = ADF5631E2DAD926E001CFC96 /* Project object */;
			proxyType = 1;
			remoteGlobalIDString = ADF563252DAD926E001CFC96;
			remoteInfo = Rasuto;
		};
		ADF563422DAD9270001CFC96 /* PBXContainerItemProxy */ = {
			isa = PBXContainerItemProxy;
			containerPortal = ADF5631E2DAD926E001CFC96 /* Project object */;
			proxyType = 1;
			remoteGlobalIDString = ADF563252DAD926E001CFC96;
			remoteInfo = Rasuto;
		};
/* End PBXContainerItemProxy section */

/* Begin PBXFileReference section */
		AD405F912DDE5D8900F2D411 /* .env */ = {isa = PBXFileReference; lastKnownFileType = text; path = .env; sourceTree = "<group>"; };
		ADF563262DAD926E001CFC96 /* Rasuto.app */ = {isa = PBXFileReference; explicitFileType = wrapper.application; includeInIndex = 0; path = Rasuto.app; sourceTree = BUILT_PRODUCTS_DIR; };
		ADF563372DAD9270001CFC96 /* RasutoTests.xctest */ = {isa = PBXFileReference; explicitFileType = wrapper.cfbundle; includeInIndex = 0; path = RasutoTests.xctest; sourceTree = BUILT_PRODUCTS_DIR; };
		ADF563412DAD9270001CFC96 /* RasutoUITests.xctest */ = {isa = PBXFileReference; explicitFileType = wrapper.cfbundle; includeInIndex = 0; path = RasutoUITests.xctest; sourceTree = BUILT_PRODUCTS_DIR; };
/* End PBXFileReference section */

/* Begin PBXFileSystemSynchronizedBuildFileExceptionSet section */
		ADF563492DAD9270001CFC96 /* Exceptions for "Rasuto" folder in "Rasuto" target */ = {
			isa = PBXFileSystemSynchronizedBuildFileExceptionSet;
			membershipExceptions = (
				Info.plist,
			);
			target = ADF563252DAD926E001CFC96 /* Rasuto */;
		};
/* End PBXFileSystemSynchronizedBuildFileExceptionSet section */

/* Begin PBXFileSystemSynchronizedRootGroup section */
		ADF563282DAD926E001CFC96 /* Rasuto */ = {
			isa = PBXFileSystemSynchronizedRootGroup;
			exceptions = (
				ADF563492DAD9270001CFC96 /* Exceptions for "Rasuto" folder in "Rasuto" target */,
			);
			path = Rasuto;
			sourceTree = "<group>";
		};
		ADF5633A2DAD9270001CFC96 /* RasutoTests */ = {
			isa = PBXFileSystemSynchronizedRootGroup;
			path = RasutoTests;
			sourceTree = "<group>";
		};
		ADF563442DAD9270001CFC96 /* RasutoUITests */ = {
			isa = PBXFileSystemSynchronizedRootGroup;
			path = RasutoUITests;
			sourceTree = "<group>";
		};
/* End PBXFileSystemSynchronizedRootGroup section */

/* Begin PBXFrameworksBuildPhase section */
		ADF563232DAD926E001CFC96 /* Frameworks */ = {
			isa = PBXFrameworksBuildPhase;
			buildActionMask = 2147483647;
			files = (
			);
			runOnlyForDeploymentPostprocessing = 0;
		};
		ADF563342DAD9270001CFC96 /* Frameworks */ = {
			isa = PBXFrameworksBuildPhase;
			buildActionMask = 2147483647;
			files = (
			);
			runOnlyForDeploymentPostprocessing = 0;
		};
		ADF5633E2DAD9270001CFC96 /* Frameworks */ = {
			isa = PBXFrameworksBuildPhase;
			buildActionMask = 2147483647;
			files = (
			);
			runOnlyForDeploymentPostprocessing = 0;
		};
/* End PBXFrameworksBuildPhase section */

/* Begin PBXGroup section */
		ADF5631D2DAD926E001CFC96 = {
			isa = PBXGroup;
			children = (
				AD405F912DDE5D8900F2D411 /* .env */,
				ADF563282DAD926E001CFC96 /* Rasuto */,
				ADF5633A2DAD9270001CFC96 /* RasutoTests */,
				ADF563442DAD9270001CFC96 /* RasutoUITests */,
				ADF563272DAD926E001CFC96 /* Products */,
			);
			sourceTree = "<group>";
		};
		ADF563272DAD926E001CFC96 /* Products */ = {
			isa = PBXGroup;
			children = (
				ADF563262DAD926E001CFC96 /* Rasuto.app */,
				ADF563372DAD9270001CFC96 /* RasutoTests.xctest */,
				ADF563412DAD9270001CFC96 /* RasutoUITests.xctest */,
			);
			name = Products;
			sourceTree = "<group>";
		};
/* End PBXGroup section */

/* Begin PBXNativeTarget section */
		ADF563252DAD926E001CFC96 /* Rasuto */ = {
			isa = PBXNativeTarget;
			buildConfigurationList = ADF5634A2DAD9270001CFC96 /* Build configuration list for PBXNativeTarget "Rasuto" */;
			buildPhases = (
				ADF563222DAD926E001CFC96 /* Sources */,
				ADF563232DAD926E001CFC96 /* Frameworks */,
				ADF563242DAD926E001CFC96 /* Resources */,
			);
			buildRules = (
			);
			dependencies = (
			);
			fileSystemSynchronizedGroups = (
				ADF563282DAD926E001CFC96 /* Rasuto */,
			);
			name = Rasuto;
			packageProductDependencies = (
			);
			productName = Rasuto;
			productReference = ADF563262DAD926E001CFC96 /* Rasuto.app */;
			productType = "com.apple.product-type.application";
		};
		ADF563362DAD9270001CFC96 /* RasutoTests */ = {
			isa = PBXNativeTarget;
			buildConfigurationList = ADF5634F2DAD9270001CFC96 /* Build configuration list for PBXNativeTarget "RasutoTests" */;
			buildPhases = (
				ADF563332DAD9270001CFC96 /* Sources */,
				ADF563342DAD9270001CFC96 /* Frameworks */,
				ADF563352DAD9270001CFC96 /* Resources */,
			);
			buildRules = (
			);
			dependencies = (
				ADF563392DAD9270001CFC96 /* PBXTargetDependency */,
			);
			fileSystemSynchronizedGroups = (
				ADF5633A2DAD9270001CFC96 /* RasutoTests */,
			);
			name = RasutoTests;
			packageProductDependencies = (
			);
			productName = RasutoTests;
			productReference = ADF563372DAD9270001CFC96 /* RasutoTests.xctest */;
			productType = "com.apple.product-type.bundle.unit-test";
		};
		ADF563402DAD9270001CFC96 /* RasutoUITests */ = {
			isa = PBXNativeTarget;
			buildConfigurationList = ADF563522DAD9270001CFC96 /* Build configuration list for PBXNativeTarget "RasutoUITests" */;
			buildPhases = (
				ADF5633D2DAD9270001CFC96 /* Sources */,
				ADF5633E2DAD9270001CFC96 /* Frameworks */,
				ADF5633F2DAD9270001CFC96 /* Resources */,
			);
			buildRules = (
			);
			dependencies = (
				ADF563432DAD9270001CFC96 /* PBXTargetDependency */,
			);
			fileSystemSynchronizedGroups = (
				ADF563442DAD9270001CFC96 /* RasutoUITests */,
			);
			name = RasutoUITests;
			packageProductDependencies = (
			);
			productName = RasutoUITests;
			productReference = ADF563412DAD9270001CFC96 /* RasutoUITests.xctest */;
			productType = "com.apple.product-type.bundle.ui-testing";
		};
/* End PBXNativeTarget section */

/* Begin PBXProject section */
		ADF5631E2DAD926E001CFC96 /* Project object */ = {
			isa = PBXProject;
			attributes = {
				BuildIndependentTargetsInParallel = 1;
				LastSwiftUpdateCheck = 1630;
				LastUpgradeCheck = 1630;
				TargetAttributes = {
					ADF563252DAD926E001CFC96 = {
						CreatedOnToolsVersion = 16.3;
					};
					ADF563362DAD9270001CFC96 = {
						CreatedOnToolsVersion = 16.3;
						TestTargetID = ADF563252DAD926E001CFC96;
					};
					ADF563402DAD9270001CFC96 = {
						CreatedOnToolsVersion = 16.3;
						TestTargetID = ADF563252DAD926E001CFC96;
					};
				};
			};
			buildConfigurationList = ADF563212DAD926E001CFC96 /* Build configuration list for PBXProject "Rasuto" */;
			developmentRegion = en;
			hasScannedForEncodings = 0;
			knownRegions = (
				en,
				Base,
			);
			mainGroup = ADF5631D2DAD926E001CFC96;
			minimizedProjectReferenceProxies = 1;
			packageReferences = (
				AD82DA2E2DC150E600695ADE /* XCRemoteSwiftPackageReference "lottie-ios" */,
			);
			preferredProjectObjectVersion = 77;
			productRefGroup = ADF563272DAD926E001CFC96 /* Products */;
			projectDirPath = "";
			projectRoot = "";
			targets = (
				ADF563252DAD926E001CFC96 /* Rasuto */,
				ADF563362DAD9270001CFC96 /* RasutoTests */,
				ADF563402DAD9270001CFC96 /* RasutoUITests */,
			);
		};
/* End PBXProject section */

/* Begin PBXResourcesBuildPhase section */
		ADF563242DAD926E001CFC96 /* Resources */ = {
			isa = PBXResourcesBuildPhase;
			buildActionMask = 2147483647;
			files = (
				AD405F922DDE5D8900F2D411 /* .env in Resources */,
			);
			runOnlyForDeploymentPostprocessing = 0;
		};
		ADF563352DAD9270001CFC96 /* Resources */ = {
			isa = PBXResourcesBuildPhase;
			buildActionMask = 2147483647;
			files = (
			);
			runOnlyForDeploymentPostprocessing = 0;
		};
		ADF5633F2DAD9270001CFC96 /* Resources */ = {
			isa = PBXResourcesBuildPhase;
			buildActionMask = 2147483647;
			files = (
			);
			runOnlyForDeploymentPostprocessing = 0;
		};
/* End PBXResourcesBuildPhase section */

/* Begin PBXSourcesBuildPhase section */
		ADF563222DAD926E001CFC96 /* Sources */ = {
			isa = PBXSourcesBuildPhase;
			buildActionMask = 2147483647;
			files = (
			);
			runOnlyForDeploymentPostprocessing = 0;
		};
		ADF563332DAD9270001CFC96 /* Sources */ = {
			isa = PBXSourcesBuildPhase;
			buildActionMask = 2147483647;
			files = (
			);
			runOnlyForDeploymentPostprocessing = 0;
		};
		ADF5633D2DAD9270001CFC96 /* Sources */ = {
			isa = PBXSourcesBuildPhase;
			buildActionMask = 2147483647;
			files = (
			);
			runOnlyForDeploymentPostprocessing = 0;
		};
/* End PBXSourcesBuildPhase section */

/* Begin PBXTargetDependency section */
		ADF563392DAD9270001CFC96 /* PBXTargetDependency */ = {
			isa = PBXTargetDependency;
			target = ADF563252DAD926E001CFC96 /* Rasuto */;
			targetProxy = ADF563382DAD9270001CFC96 /* PBXContainerItemProxy */;
		};
		ADF563432DAD9270001CFC96 /* PBXTargetDependency */ = {
			isa = PBXTargetDependency;
			target = ADF563252DAD926E001CFC96 /* Rasuto */;
			targetProxy = ADF563422DAD9270001CFC96 /* PBXContainerItemProxy */;
		};
/* End PBXTargetDependency section */

/* Begin XCBuildConfiguration section */
		ADF5634B2DAD9270001CFC96 /* Debug */ = {
			isa = XCBuildConfiguration;
			buildSettings = {
				ASSETCATALOG_COMPILER_APPICON_NAME = AppIcon;
				ASSETCATALOG_COMPILER_GLOBAL_ACCENT_COLOR_NAME = AccentColor;
				CODE_SIGN_ENTITLEMENTS = Rasuto/Rasuto.entitlements;
				CODE_SIGN_STYLE = Automatic;
				CURRENT_PROJECT_VERSION = 1;
				DEVELOPMENT_TEAM = UH66XC8XK9;
				ENABLE_PREVIEWS = YES;
				GENERATE_INFOPLIST_FILE = YES;
				INFOPLIST_FILE = Rasuto/Info.plist;
				INFOPLIST_KEY_UIApplicationSceneManifest_Generation = YES;
				INFOPLIST_KEY_UIApplicationSupportsIndirectInputEvents = YES;
				INFOPLIST_KEY_UILaunchScreen_Generation = YES;
				INFOPLIST_KEY_UISupportedInterfaceOrientations_iPad = "UIInterfaceOrientationPortrait UIInterfaceOrientationPortraitUpsideDown UIInterfaceOrientationLandscapeLeft UIInterfaceOrientationLandscapeRight";
				INFOPLIST_KEY_UISupportedInterfaceOrientations_iPhone = "UIInterfaceOrientationPortrait UIInterfaceOrientationLandscapeLeft UIInterfaceOrientationLandscapeRight";
				LD_RUNPATH_SEARCH_PATHS = (
					"$(inherited)",
					"@executable_path/Frameworks",
				);
				MARKETING_VERSION = 1.0;
				PRODUCT_BUNDLE_IDENTIFIER = com.Rasuto;
				PRODUCT_NAME = "$(TARGET_NAME)";
				SWIFT_EMIT_LOC_STRINGS = YES;
				SWIFT_VERSION = 5.0;
				TARGETED_DEVICE_FAMILY = "1,2";
			};
			name = Debug;
		};
		ADF5634C2DAD9270001CFC96 /* Release */ = {
			isa = XCBuildConfiguration;
			buildSettings = {
				ASSETCATALOG_COMPILER_APPICON_NAME = AppIcon;
				ASSETCATALOG_COMPILER_GLOBAL_ACCENT_COLOR_NAME = AccentColor;
				CODE_SIGN_ENTITLEMENTS = Rasuto/Rasuto.entitlements;
				CODE_SIGN_STYLE = Automatic;
				CURRENT_PROJECT_VERSION = 1;
				DEVELOPMENT_TEAM = UH66XC8XK9;
				ENABLE_PREVIEWS = YES;
				GENERATE_INFOPLIST_FILE = YES;
				INFOPLIST_FILE = Rasuto/Info.plist;
				INFOPLIST_KEY_UIApplicationSceneManifest_Generation = YES;
				INFOPLIST_KEY_UIApplicationSupportsIndirectInputEvents = YES;
				INFOPLIST_KEY_UILaunchScreen_Generation = YES;
				INFOPLIST_KEY_UISupportedInterfaceOrientations_iPad = "UIInterfaceOrientationPortrait UIInterfaceOrientationPortraitUpsideDown UIInterfaceOrientationLandscapeLeft UIInterfaceOrientationLandscapeRight";
				INFOPLIST_KEY_UISupportedInterfaceOrientations_iPhone = "UIInterfaceOrientationPortrait UIInterfaceOrientationLandscapeLeft UIInterfaceOrientationLandscapeRight";
				LD_RUNPATH_SEARCH_PATHS = (
					"$(inherited)",
					"@executable_path/Frameworks",
				);
				MARKETING_VERSION = 1.0;
				PRODUCT_BUNDLE_IDENTIFIER = com.Rasuto;
				PRODUCT_NAME = "$(TARGET_NAME)";
				SWIFT_EMIT_LOC_STRINGS = YES;
				SWIFT_VERSION = 5.0;
				TARGETED_DEVICE_FAMILY = "1,2";
			};
			name = Release;
		};
		ADF5634D2DAD9270001CFC96 /* Debug */ = {
			isa = XCBuildConfiguration;
			buildSettings = {
				ALWAYS_SEARCH_USER_PATHS = NO;
				ASSETCATALOG_COMPILER_GENERATE_SWIFT_ASSET_SYMBOL_EXTENSIONS = YES;
				CLANG_ANALYZER_NONNULL = YES;
				CLANG_ANALYZER_NUMBER_OBJECT_CONVERSION = YES_AGGRESSIVE;
				CLANG_CXX_LANGUAGE_STANDARD = "gnu++20";
				CLANG_ENABLE_MODULES = YES;
				CLANG_ENABLE_OBJC_ARC = YES;
				CLANG_ENABLE_OBJC_WEAK = YES;
				CLANG_WARN_BLOCK_CAPTURE_AUTORELEASING = YES;
				CLANG_WARN_BOOL_CONVERSION = YES;
				CLANG_WARN_COMMA = YES;
				CLANG_WARN_CONSTANT_CONVERSION = YES;
				CLANG_WARN_DEPRECATED_OBJC_IMPLEMENTATIONS = YES;
				CLANG_WARN_DIRECT_OBJC_ISA_USAGE = YES_ERROR;
				CLANG_WARN_DOCUMENTATION_COMMENTS = YES;
				CLANG_WARN_EMPTY_BODY = YES;
				CLANG_WARN_ENUM_CONVERSION = YES;
				CLANG_WARN_INFINITE_RECURSION = YES;
				CLANG_WARN_INT_CONVERSION = YES;
				CLANG_WARN_NON_LITERAL_NULL_CONVERSION = YES;
				CLANG_WARN_OBJC_IMPLICIT_RETAIN_SELF = YES;
				CLANG_WARN_OBJC_LITERAL_CONVERSION = YES;
				CLANG_WARN_OBJC_ROOT_CLASS = YES_ERROR;
				CLANG_WARN_QUOTED_INCLUDE_IN_FRAMEWORK_HEADER = YES;
				CLANG_WARN_RANGE_LOOP_ANALYSIS = YES;
				CLANG_WARN_STRICT_PROTOTYPES = YES;
				CLANG_WARN_SUSPICIOUS_MOVE = YES;
				CLANG_WARN_UNGUARDED_AVAILABILITY = YES_AGGRESSIVE;
				CLANG_WARN_UNREACHABLE_CODE = YES;
				CLANG_WARN__DUPLICATE_METHOD_MATCH = YES;
				COPY_PHASE_STRIP = NO;
				DEBUG_INFORMATION_FORMAT = dwarf;
				DEVELOPMENT_TEAM = UH66XC8XK9;
				ENABLE_STRICT_OBJC_MSGSEND = YES;
				ENABLE_TESTABILITY = YES;
				ENABLE_USER_SCRIPT_SANDBOXING = YES;
				GCC_C_LANGUAGE_STANDARD = gnu17;
				GCC_DYNAMIC_NO_PIC = NO;
				GCC_NO_COMMON_BLOCKS = YES;
				GCC_OPTIMIZATION_LEVEL = 0;
				GCC_PREPROCESSOR_DEFINITIONS = (
					"DEBUG=1",
					"$(inherited)",
				);
				GCC_WARN_64_TO_32_BIT_CONVERSION = YES;
				GCC_WARN_ABOUT_RETURN_TYPE = YES_ERROR;
				GCC_WARN_UNDECLARED_SELECTOR = YES;
				GCC_WARN_UNINITIALIZED_AUTOS = YES_AGGRESSIVE;
				GCC_WARN_UNUSED_FUNCTION = YES;
				GCC_WARN_UNUSED_VARIABLE = YES;
				IPHONEOS_DEPLOYMENT_TARGET = 18.4;
				LOCALIZATION_PREFERS_STRING_CATALOGS = YES;
				MTL_ENABLE_DEBUG_INFO = INCLUDE_SOURCE;
				MTL_FAST_MATH = YES;
				ONLY_ACTIVE_ARCH = YES;
				SDKROOT = iphoneos;
				SWIFT_ACTIVE_COMPILATION_CONDITIONS = "DEBUG $(inherited)";
				SWIFT_OPTIMIZATION_LEVEL = "-Onone";
			};
			name = Debug;
		};
		ADF5634E2DAD9270001CFC96 /* Release */ = {
			isa = XCBuildConfiguration;
			buildSettings = {
				ALWAYS_SEARCH_USER_PATHS = NO;
				ASSETCATALOG_COMPILER_GENERATE_SWIFT_ASSET_SYMBOL_EXTENSIONS = YES;
				CLANG_ANALYZER_NONNULL = YES;
				CLANG_ANALYZER_NUMBER_OBJECT_CONVERSION = YES_AGGRESSIVE;
				CLANG_CXX_LANGUAGE_STANDARD = "gnu++20";
				CLANG_ENABLE_MODULES = YES;
				CLANG_ENABLE_OBJC_ARC = YES;
				CLANG_ENABLE_OBJC_WEAK = YES;
				CLANG_WARN_BLOCK_CAPTURE_AUTORELEASING = YES;
				CLANG_WARN_BOOL_CONVERSION = YES;
				CLANG_WARN_COMMA = YES;
				CLANG_WARN_CONSTANT_CONVERSION = YES;
				CLANG_WARN_DEPRECATED_OBJC_IMPLEMENTATIONS = YES;
				CLANG_WARN_DIRECT_OBJC_ISA_USAGE = YES_ERROR;
				CLANG_WARN_DOCUMENTATION_COMMENTS = YES;
				CLANG_WARN_EMPTY_BODY = YES;
				CLANG_WARN_ENUM_CONVERSION = YES;
				CLANG_WARN_INFINITE_RECURSION = YES;
				CLANG_WARN_INT_CONVERSION = YES;
				CLANG_WARN_NON_LITERAL_NULL_CONVERSION = YES;
				CLANG_WARN_OBJC_IMPLICIT_RETAIN_SELF = YES;
				CLANG_WARN_OBJC_LITERAL_CONVERSION = YES;
				CLANG_WARN_OBJC_ROOT_CLASS = YES_ERROR;
				CLANG_WARN_QUOTED_INCLUDE_IN_FRAMEWORK_HEADER = YES;
				CLANG_WARN_RANGE_LOOP_ANALYSIS = YES;
				CLANG_WARN_STRICT_PROTOTYPES = YES;
				CLANG_WARN_SUSPICIOUS_MOVE = YES;
				CLANG_WARN_UNGUARDED_AVAILABILITY = YES_AGGRESSIVE;
				CLANG_WARN_UNREACHABLE_CODE = YES;
				CLANG_WARN__DUPLICATE_METHOD_MATCH = YES;
				COPY_PHASE_STRIP = NO;
				DEBUG_INFORMATION_FORMAT = "dwarf-with-dsym";
				DEVELOPMENT_TEAM = UH66XC8XK9;
				ENABLE_NS_ASSERTIONS = NO;
				ENABLE_STRICT_OBJC_MSGSEND = YES;
				ENABLE_USER_SCRIPT_SANDBOXING = YES;
				GCC_C_LANGUAGE_STANDARD = gnu17;
				GCC_NO_COMMON_BLOCKS = YES;
				GCC_WARN_64_TO_32_BIT_CONVERSION = YES;
				GCC_WARN_ABOUT_RETURN_TYPE = YES_ERROR;
				GCC_WARN_UNDECLARED_SELECTOR = YES;
				GCC_WARN_UNINITIALIZED_AUTOS = YES_AGGRESSIVE;
				GCC_WARN_UNUSED_FUNCTION = YES;
				GCC_WARN_UNUSED_VARIABLE = YES;
				IPHONEOS_DEPLOYMENT_TARGET = 18.4;
				LOCALIZATION_PREFERS_STRING_CATALOGS = YES;
				MTL_ENABLE_DEBUG_INFO = NO;
				MTL_FAST_MATH = YES;
				SDKROOT = iphoneos;
				SWIFT_COMPILATION_MODE = wholemodule;
				VALIDATE_PRODUCT = YES;
			};
			name = Release;
		};
		ADF563502DAD9270001CFC96 /* Debug */ = {
			isa = XCBuildConfiguration;
			buildSettings = {
				BUNDLE_LOADER = "$(TEST_HOST)";
				CODE_SIGN_STYLE = Automatic;
				CURRENT_PROJECT_VERSION = 1;
				DEVELOPMENT_TEAM = UH66XC8XK9;
				GENERATE_INFOPLIST_FILE = YES;
				IPHONEOS_DEPLOYMENT_TARGET = 18.4;
				MARKETING_VERSION = 1.0;
				PRODUCT_BUNDLE_IDENTIFIER = com.RasutoTests;
				PRODUCT_NAME = "$(TARGET_NAME)";
				SWIFT_EMIT_LOC_STRINGS = NO;
				SWIFT_VERSION = 5.0;
				TARGETED_DEVICE_FAMILY = "1,2";
				TEST_HOST = "$(BUILT_PRODUCTS_DIR)/Rasuto.app/$(BUNDLE_EXECUTABLE_FOLDER_PATH)/Rasuto";
			};
			name = Debug;
		};
		ADF563512DAD9270001CFC96 /* Release */ = {
			isa = XCBuildConfiguration;
			buildSettings = {
				BUNDLE_LOADER = "$(TEST_HOST)";
				CODE_SIGN_STYLE = Automatic;
				CURRENT_PROJECT_VERSION = 1;
				DEVELOPMENT_TEAM = UH66XC8XK9;
				GENERATE_INFOPLIST_FILE = YES;
				IPHONEOS_DEPLOYMENT_TARGET = 18.4;
				MARKETING_VERSION = 1.0;
				PRODUCT_BUNDLE_IDENTIFIER = com.RasutoTests;
				PRODUCT_NAME = "$(TARGET_NAME)";
				SWIFT_EMIT_LOC_STRINGS = NO;
				SWIFT_VERSION = 5.0;
				TARGETED_DEVICE_FAMILY = "1,2";
				TEST_HOST = "$(BUILT_PRODUCTS_DIR)/Rasuto.app/$(BUNDLE_EXECUTABLE_FOLDER_PATH)/Rasuto";
			};
			name = Release;
		};
		ADF563532DAD9270001CFC96 /* Debug */ = {
			isa = XCBuildConfiguration;
			buildSettings = {
				CODE_SIGN_STYLE = Automatic;
				CURRENT_PROJECT_VERSION = 1;
				DEVELOPMENT_TEAM = UH66XC8XK9;
				GENERATE_INFOPLIST_FILE = YES;
				MARKETING_VERSION = 1.0;
				PRODUCT_BUNDLE_IDENTIFIER = com.RasutoUITests;
				PRODUCT_NAME = "$(TARGET_NAME)";
				SWIFT_EMIT_LOC_STRINGS = NO;
				SWIFT_VERSION = 5.0;
				TARGETED_DEVICE_FAMILY = "1,2";
				TEST_TARGET_NAME = Rasuto;
			};
			name = Debug;
		};
		ADF563542DAD9270001CFC96 /* Release */ = {
			isa = XCBuildConfiguration;
			buildSettings = {
				CODE_SIGN_STYLE = Automatic;
				CURRENT_PROJECT_VERSION = 1;
				DEVELOPMENT_TEAM = UH66XC8XK9;
				GENERATE_INFOPLIST_FILE = YES;
				MARKETING_VERSION = 1.0;
				PRODUCT_BUNDLE_IDENTIFIER = com.RasutoUITests;
				PRODUCT_NAME = "$(TARGET_NAME)";
				SWIFT_EMIT_LOC_STRINGS = NO;
				SWIFT_VERSION = 5.0;
				TARGETED_DEVICE_FAMILY = "1,2";
				TEST_TARGET_NAME = Rasuto;
			};
			name = Release;
		};
/* End XCBuildConfiguration section */

/* Begin XCConfigurationList section */
		ADF563212DAD926E001CFC96 /* Build configuration list for PBXProject "Rasuto" */ = {
			isa = XCConfigurationList;
			buildConfigurations = (
				ADF5634D2DAD9270001CFC96 /* Debug */,
				ADF5634E2DAD9270001CFC96 /* Release */,
			);
			defaultConfigurationIsVisible = 0;
			defaultConfigurationName = Release;
		};
		ADF5634A2DAD9270001CFC96 /* Build configuration list for PBXNativeTarget "Rasuto" */ = {
			isa = XCConfigurationList;
			buildConfigurations = (
				ADF5634B2DAD9270001CFC96 /* Debug */,
				ADF5634C2DAD9270001CFC96 /* Release */,
			);
			defaultConfigurationIsVisible = 0;
			defaultConfigurationName = Release;
		};
		ADF5634F2DAD9270001CFC96 /* Build configuration list for PBXNativeTarget "RasutoTests" */ = {
			isa = XCConfigurationList;
			buildConfigurations = (
				ADF563502DAD9270001CFC96 /* Debug */,
				ADF563512DAD9270001CFC96 /* Release */,
			);
			defaultConfigurationIsVisible = 0;
			defaultConfigurationName = Release;
		};
		ADF563522DAD9270001CFC96 /* Build configuration list for PBXNativeTarget "RasutoUITests" */ = {
			isa = XCConfigurationList;
			buildConfigurations = (
				ADF563532DAD9270001CFC96 /* Debug */,
				ADF563542DAD9270001CFC96 /* Release */,
			);
			defaultConfigurationIsVisible = 0;
			defaultConfigurationName = Release;
		};
/* End XCConfigurationList section */

/* Begin XCRemoteSwiftPackageReference section */
		AD82DA2E2DC150E600695ADE /* XCRemoteSwiftPackageReference "lottie-ios" */ = {
			isa = XCRemoteSwiftPackageReference;
			repositoryURL = "https://github.com/airbnb/lottie-ios.git";
			requirement = {
				kind = upToNextMajorVersion;
				minimumVersion = 4.5.1;
			};
		};
/* End XCRemoteSwiftPackageReference section */
	};
	rootObject = ADF5631E2DAD926E001CFC96 /* Project object */;
}
